
Microsoft Visual Studio Solution File, Format Version 12.00
# Visual Studio 15
VisualStudioVersion = 15.0.28307.168
MinimumVisualStudioVersion = 10.0.40219.1
Project("{FAE04EC0-301F-11D3-BF4B-00C04F79EFBC}") = "ToolBox", "ToolBox\ToolBox.csproj", "{E65211C5-8803-4011-9EFD-A695D772F3F5}"
EndProject
Project("{FAE04EC0-301F-11D3-BF4B-00C04F79EFBC}") = "TestToolBox", "TestToolBox\TestToolBox.csproj", "{113F3AD2-7345-445D-B8C8-2FD66448ED30}"
EndProject
Global
	GlobalSection(SolutionConfigurationPlatforms) = preSolution
		Debug|Any CPU = Debug|Any CPU
		Release|Any CPU = Release|Any CPU
	EndGlobalSection
	GlobalSection(ProjectConfigurationPlatforms) = postSolution
		{E65211C5-8803-4011-9EFD-A695D772F3F5}.Debug|Any CPU.ActiveCfg = Debug|Any CPU
		{E65211C5-8803-4011-9EFD-A695D772F3F5}.Debug|Any CPU.Build.0 = Debug|Any CPU
		{E65211C5-8803-4011-9EFD-A695D772F3F5}.Release|Any CPU.ActiveCfg = Release|Any CPU
		{E65211C5-8803-4011-9EFD-A695D772F3F5}.Release|Any CPU.Build.0 = Release|Any CPU
		{113F3AD2-7345-445D-B8C8-2FD66448ED30}.Debug|Any CPU.ActiveCfg = Debug|Any CPU
		{113F3AD2-7345-445D-B8C8-2FD66448ED30}.Debug|Any CPU.Build.0 = Debug|Any CPU
		{113F3AD2-7345-445D-B8C8-2FD66448ED30}.Release|Any CPU.ActiveCfg = Release|Any CPU
		{113F3AD2-7345-445D-B8C8-2FD66448ED30}.Release|Any CPU.Build.0 = Release|Any CPU
	EndGlobalSection
	GlobalSection(SolutionProperties) = preSolution
		HideSolutionNode = FALSE
	EndGlobalSection
	GlobalSection(ExtensibilityGlobals) = postSolution
		SolutionGuid = {75F77676-DB75-4DA9-9870-742EE8806BEC}
	EndGlobalSection
EndGlobal
